<?xml version="1.0" encoding="utf-8"?>
<Project ToolsVersion="4.0" xmlns="http://schemas.microsoft.com/developer/msbuild/2003">
  <ItemGroup>
    <Filter Include="Source Files">
      <UniqueIdentifier>{4FC737F1-C7A5-4376-A066-2A32D752A2FF}</UniqueIdentifier>
      <Extensions>cpp;c;cc;cxx;def;odl;idl;hpj;bat;asm;asmx</Extensions>
    </Filter>
    <Filter Include="Header Files">
      <UniqueIdentifier>{93995380-89BD-4b04-88EB-625FBE52EBFB}</UniqueIdentifier>
      <Extensions>h;hpp;hxx;hm;inl;inc;xsd</Extensions>
    </Filter>
    <Filter Include="Ressourcendateien">
      <UniqueIdentifier>{67DA6AB6-F800-4c08-8B7A-83BB121AAD01}</UniqueIdentifier>
      <Extensions>rc;ico;cur;bmp;dlg;rc2;rct;bin;rgs;gif;jpg;jpeg;jpe;resx;tiff;tif;png;wav</Extensions>
    </Filter>
  </ItemGroup>
  <ItemGroup>
    <ClCompile Include="..\sdh\canserial-esd.cpp">
      <Filter>Source Files</Filter>
    </ClCompile>
    <ClCompile Include="..\sdh\canserial-peak.cpp">
      <Filter>Source Files</Filter>
    </ClCompile>
    <ClCompile Include="..\sdh\crc.cpp">
      <Filter>Source Files</Filter>
    </ClCompile>
    <ClCompile Include="..\sdh\dsa.cpp">
      <Filter>Source Files</Filter>
    </ClCompile>
    <ClCompile Include="..\sdh\rs232-vcc.cpp">
      <Filter>Source Files</Filter>
    </ClCompile>
    <ClCompile Include="..\sdh\sdh.cpp">
      <Filter>Source Files</Filter>
    </ClCompile>
    <ClCompile Include="..\sdh\sdh_codes.cpp">
      <Filter>Source Files</Filter>
    </ClCompile>
    <ClCompile Include="..\sdh\sdhbase.cpp">
      <Filter>Source Files</Filter>
    </ClCompile>
    <ClCompile Include="..\sdh\sdhexception.cpp">
      <Filter>Source Files</Filter>
    </ClCompile>
    <ClCompile Include="..\sdh\sdhserial.cpp">
      <Filter>Source Files</Filter>
    </ClCompile>
    <ClCompile Include="..\sdh\serialbase.cpp">
      <Filter>Source Files</Filter>
    </ClCompile>
    <ClCompile Include="..\sdh\simplestringlist.cpp">
      <Filter>Source Files</Filter>
    </ClCompile>
    <ClCompile Include="..\sdh\simplevector.cpp">
      <Filter>Source Files</Filter>
    </ClCompile>
    <ClCompile Include="..\sdh\tcpserial.cpp">
      <Filter>Source Files</Filter>
    </ClCompile>
    <ClCompile Include="..\sdh\unit_converter.cpp">
      <Filter>Source Files</Filter>
    </ClCompile>
    <ClCompile Include="..\sdh\util.cpp">
      <Filter>Source Files</Filter>
    </ClCompile>
  </ItemGroup>
  <ItemGroup>
    <ClInclude Include="..\sdh\basisdef.h">
      <Filter>Header Files</Filter>
    </ClInclude>
    <ClInclude Include="..\sdh\canserial-peak.h">
      <Filter>Header Files</Filter>
    </ClInclude>
    <ClInclude Include="..\sdh\crc.h">
      <Filter>Header Files</Filter>
    </ClInclude>
    <ClInclude Include="..\sdh\dbg.h">
      <Filter>Header Files</Filter>
    </ClInclude>
    <ClInclude Include="..\sdh\dsa.h">
      <Filter>Header Files</Filter>
    </ClInclude>
    <ClInclude Include="..\sdh\release.h">
      <Filter>Header Files</Filter>
    </ClInclude>
    <ClInclude Include="..\sdh\rs232-vcc.h">
      <Filter>Header Files</Filter>
    </ClInclude>
    <ClInclude Include="..\sdh\sdh.h">
      <Filter>Header Files</Filter>
    </ClInclude>
    <ClInclude Include="..\sdh\sdh_codes.h">
      <Filter>Header Files</Filter>
    </ClInclude>
    <ClInclude Include="..\sdh\sdh_command_codes.h">
      <Filter>Header Files</Filter>
    </ClInclude>
    <ClInclude Include="..\sdh\sdh_return_codes.h">
      <Filter>Header Files</Filter>
    </ClInclude>
    <ClInclude Include="..\sdh\sdhbase.h">
      <Filter>Header Files</Filter>
    </ClInclude>
    <ClInclude Include="..\sdh\sdhexception.h">
      <Filter>Header Files</Filter>
    </ClInclude>
    <ClInclude Include="..\sdh\sdhlibrary_settings.h">
      <Filter>Header Files</Filter>
    </ClInclude>
    <ClInclude Include="..\sdh\sdhserial.h">
      <Filter>Header Files</Filter>
    </ClInclude>
    <ClInclude Include="..\sdh\serialbase.h">
      <Filter>Header Files</Filter>
    </ClInclude>
    <ClInclude Include="..\sdh\simplestringlist.h">
      <Filter>Header Files</Filter>
    </ClInclude>
    <ClInclude Include="..\sdh\simpletime.h">
      <Filter>Header Files</Filter>
    </ClInclude>
    <ClInclude Include="..\sdh\simplevector.h">
      <Filter>Header Files</Filter>
    </ClInclude>
    <ClInclude Include="..\sdh\tcpserial.h">
      <Filter>Header Files</Filter>
    </ClInclude>
    <ClInclude Include="..\sdh\unit_converter.h">
      <Filter>Header Files</Filter>
    </ClInclude>
    <ClInclude Include="..\sdh\util.h">
      <Filter>Header Files</Filter>
    </ClInclude>
  </ItemGroup>
  <ItemGroup>
    <Library Include="c:\Programme\ESD\CAN\SDK\lib\vc\i386\ntcan.lib" />
    <Library Include="..\..\..\..\vendor\pcan_usb\PCAN-Light\Lib\Visual C++\Pcan_usb.lib" />
  </ItemGroup>
  <ItemGroup>
    <Text Include="ReadMe.txt" />
  </ItemGroup>
  <ItemGroup>
    <CustomBuild Include="..\sdh\canserial-esd.h">
      <Filter>Header Files</Filter>
    </CustomBuild>
  </ItemGroup>
</Project>